
Microsoft Visual Studio Solution File, Format Version 12.00
# Visual Studio Version 17
VisualStudioVersion = 17.2.32519.379
MinimumVisualStudioVersion = 10.0.40219.1
Project("{FAE04EC0-301F-11D3-BF4B-00C04F79EFBC}") = "DFAuth", "DFAuth\DFAuth.csproj", "{AB0F0777-77D6-44B0-B6DB-A3F54A6D852D}"
EndProject
Global
	GlobalSection(SolutionConfigurationPlatforms) = preSolution
		Debug|Any CPU = Debug|Any CPU
		Release|Any CPU = Release|Any CPU
	EndGlobalSection
	GlobalSection(ProjectConfigurationPlatforms) = postSolution
		{AB0F0777-77D6-44B0-B6DB-A3F54A6D852D}.Debug|Any CPU.ActiveCfg = Debug|Any CPU
		{AB0F0777-77D6-44B0-B6DB-A3F54A6D852D}.Debug|Any CPU.Build.0 = Debug|Any CPU
		{AB0F0777-77D6-44B0-B6DB-A3F54A6D852D}.Release|Any CPU.ActiveCfg = Release|Any CPU
		{AB0F0777-77D6-44B0-B6DB-A3F54A6D852D}.Release|Any CPU.Build.0 = Release|Any CPU
	EndGlobalSection
	GlobalSection(SolutionProperties) = preSolution
		HideSolutionNode = FALSE
	EndGlobalSection
	GlobalSection(ExtensibilityGlobals) = postSolution
		SolutionGuid = {20C36944-F958-42D3-AEB2-33C67F24757D}
	EndGlobalSection
EndGlobal
