
Microsoft Visual Studio Solution File, Format Version 12.00
# Visual Studio Version 17
VisualStudioVersion = 17.2.32519.379
MinimumVisualStudioVersion = 10.0.40219.1
Project("{9A19103F-16F7-4668-BE54-9A1E7A4F7556}") = "DF.Auth", "DF.Auth\DF.Auth.csproj", "{275623B5-783C-4E48-BDB4-5701EE901E28}"
EndProject
Global
	GlobalSection(SolutionConfigurationPlatforms) = preSolution
		Debug|Any CPU = Debug|Any CPU
		Release|Any CPU = Release|Any CPU
	EndGlobalSection
	GlobalSection(ProjectConfigurationPlatforms) = postSolution
		{275623B5-783C-4E48-BDB4-5701EE901E28}.Debug|Any CPU.ActiveCfg = Debug|Any CPU
		{275623B5-783C-4E48-BDB4-5701EE901E28}.Debug|Any CPU.Build.0 = Debug|Any CPU
		{275623B5-783C-4E48-BDB4-5701EE901E28}.Release|Any CPU.ActiveCfg = Release|Any CPU
		{275623B5-783C-4E48-BDB4-5701EE901E28}.Release|Any CPU.Build.0 = Release|Any CPU
	EndGlobalSection
	GlobalSection(SolutionProperties) = preSolution
		HideSolutionNode = FALSE
	EndGlobalSection
	GlobalSection(ExtensibilityGlobals) = postSolution
		SolutionGuid = {20C36944-F958-42D3-AEB2-33C67F24757D}
	EndGlobalSection
EndGlobal
